Microsoft Visual Studio Solution File, Format Version 12.00
# Visual Studio Version 17
VisualStudioVersion = 17.5.2.0
MinimumVisualStudioVersion = 10.0.40219.1
Project("{FAE04EC0-301F-11D3-BF4B-00C04F79EFBC}") = "TEMSystem", "TEMSystem.csproj", "{A6755E3E-8544-85D5-9B18-3555825A98BC}"
EndProject
Global
	GlobalSection(SolutionConfigurationPlatforms) = preSolution
		Debug|Any CPU = Debug|Any CPU
		Release|Any CPU = Release|Any CPU
	EndGlobalSection
	GlobalSection(ProjectConfigurationPlatforms) = postSolution
		{A6755E3E-8544-85D5-9B18-3555825A98BC}.Debug|Any CPU.ActiveCfg = Debug|Any CPU
		{A6755E3E-8544-85D5-9B18-3555825A98BC}.Debug|Any CPU.Build.0 = Debug|Any CPU
		{A6755E3E-8544-85D5-9B18-3555825A98BC}.Release|Any CPU.ActiveCfg = Release|Any CPU
		{A6755E3E-8544-85D5-9B18-3555825A98BC}.Release|Any CPU.Build.0 = Release|Any CPU
	EndGlobalSection
	GlobalSection(SolutionProperties) = preSolution
		HideSolutionNode = FALSE
	EndGlobalSection
	GlobalSection(ExtensibilityGlobals) = postSolution
		SolutionGuid = {41458B12-BC2C-483C-A27E-54C91C9E065A}
	EndGlobalSection
EndGlobal
